<?xml version="1.0" encoding="utf-8"?>
<Project ToolsVersion="4.0" xmlns="http://schemas.microsoft.com/developer/msbuild/2003">
  <ItemGroup>
    <Filter Include="Source Files">
      <UniqueIdentifier>{4FC737F1-C7A5-4376-A066-2A32D752A2FF}</UniqueIdentifier>
      <Extensions>cpp;c;cc;cxx;def;odl;idl;hpj;bat;asm;asmx</Extensions>
    </Filter>
    <Filter Include="Header Files">
      <UniqueIdentifier>{93995380-89BD-4b04-88EB-625FBE52EBFB}</UniqueIdentifier>
      <Extensions>h;hh;hpp;hxx;hm;inl;inc;xsd</Extensions>
    </Filter>
    <Filter Include="Resource Files">
      <UniqueIdentifier>{67DA6AB6-F800-4c08-8B7A-83BB121AAD01}</UniqueIdentifier>
      <Extensions>rc;ico;cur;bmp;dlg;rc2;rct;bin;rgs;gif;jpg;jpeg;jpe;resx;tiff;tif;png;wav;mfcribbon-ms</Extensions>
    </Filter>
  </ItemGroup>
  <ItemGroup>
    <ClCompile Include="src\main.cpp">
      <Filter>Source Files</Filter>
    </ClCompile>
    <ClCompile Include="src\glad.c">
      <Filter>Source Files</Filter>
    </ClCompile>
    <ClCompile Include="src\background.cpp">
      <Filter>Source Files</Filter>
    </ClCompile>
    <ClCompile Include="src\scene.cpp">
      <Filter>Source Files</Filter>
    </ClCompile>
    <ClCompile Include="src\shader.cpp">
      <Filter>Source Files</Filter>
    </ClCompile>
    <ClCompile Include="src\texture.cpp">
      <Filter>Source Files</Filter>
    </ClCompile>
    <ClCompile Include="src\resourceManager.cpp">
      <Filter>Source Files</Filter>
    </ClCompile>
    <ClCompile Include="src\spriteRenderer.cpp">
      <Filter>Source Files</Filter>
    </ClCompile>
    <ClCompile Include="src\sceneObject.cpp">
      <Filter>Source Files</Filter>
    </ClCompile>
    <ClCompile Include="src\particleGenerator.cpp">
      <Filter>Source Files</Filter>
    </ClCompile>
    <ClCompile Include="src\lineRenderer.cpp">
      <Filter>Source Files</Filter>
    </ClCompile>
    <ClCompile Include="src\fireworkGenerator.cpp">
      <Filter>Source Files</Filter>
    </ClCompile>
  </ItemGroup>
  <ItemGroup>
    <ClInclude Include="src\shader.h">
      <Filter>Source Files</Filter>
    </ClInclude>
    <ClInclude Include="src\background.h">
      <Filter>Source Files</Filter>
    </ClInclude>
    <ClInclude Include="src\constants.h">
      <Filter>Source Files</Filter>
    </ClInclude>
    <ClInclude Include="src\scene.h">
      <Filter>Source Files</Filter>
    </ClInclude>
    <ClInclude Include="src\stb_image.h">
      <Filter>Source Files</Filter>
    </ClInclude>
    <ClInclude Include="src\texture.h">
      <Filter>Source Files</Filter>
    </ClInclude>
    <ClInclude Include="src\resourceManager.h">
      <Filter>Source Files</Filter>
    </ClInclude>
    <ClInclude Include="src\spriteRenderer.h">
      <Filter>Source Files</Filter>
    </ClInclude>
    <ClInclude Include="src\sceneObject.h">
      <Filter>Source Files</Filter>
    </ClInclude>
    <ClInclude Include="src\particleGenerator.h">
      <Filter>Source Files</Filter>
    </ClInclude>
    <ClInclude Include="src\lineRenderer.h">
      <Filter>Source Files</Filter>
    </ClInclude>
    <ClInclude Include="src\fireworkGenerator.h">
      <Filter>Source Files</Filter>
    </ClInclude>
  </ItemGroup>
  <ItemGroup>
    <None Include="src\shaders\shader.fs">
      <Filter>Source Files</Filter>
    </None>
    <None Include="src\shaders\shader.vs">
      <Filter>Source Files</Filter>
    </None>
    <None Include="src\shaders\testshader.fs">
      <Filter>Source Files</Filter>
    </None>
    <None Include="src\shaders\testshader.vs">
      <Filter>Source Files</Filter>
    </None>
    <None Include="src\shaders\clouds.fs">
      <Filter>Source Files</Filter>
    </None>
    <None Include="src\shaders\clouds.vs">
      <Filter>Source Files</Filter>
    </None>
    <None Include="src\shaders\sprite.fs">
      <Filter>Source Files</Filter>
    </None>
    <None Include="src\shaders\sprite.vs">
      <Filter>Source Files</Filter>
    </None>
    <None Include="src\shaders\particle.fs">
      <Filter>Source Files</Filter>
    </None>
    <None Include="src\shaders\particle.vs">
      <Filter>Source Files</Filter>
    </None>
    <None Include="src\shaders\sprite3d.fs">
      <Filter>Source Files</Filter>
    </None>
    <None Include="src\shaders\sprite3d.vs">
      <Filter>Source Files</Filter>
    </None>
    <None Include="src\shaders\line.fs">
      <Filter>Source Files</Filter>
    </None>
    <None Include="src\shaders\line.vs">
      <Filter>Source Files</Filter>
    </None>
  </ItemGroup>
</Project>